Microsoft Visual Studio Solution File, Format Version 12.00
# Visual Studio Version 17
VisualStudioVersion = 17.5.2.0
MinimumVisualStudioVersion = 10.0.40219.1
Project("{2150E333-8FDC-42A3-9474-1A3956D46DE8}") = "api", "api", "{D82C56D6-B2CD-F611-9E31-04638F7EC30E}"
EndProject
Project("{FAE04EC0-301F-11D3-BF4B-00C04F79EFBC}") = "Api", "api\Api\Api.csproj", "{29E56B9D-A30D-5F9A-ACA3-F90F35E91D53}"
EndProject
Project("{FAE04EC0-301F-11D3-BF4B-00C04F79EFBC}") = "Api.Tests", "api\Api.Tests\Api.Tests.csproj", "{ADAC3460-E6B9-A399-C84D-BD5B800237EA}"
EndProject
Global
	GlobalSection(SolutionConfigurationPlatforms) = preSolution
		Debug|Any CPU = Debug|Any CPU
		Release|Any CPU = Release|Any CPU
	EndGlobalSection
	GlobalSection(ProjectConfigurationPlatforms) = postSolution
		{29E56B9D-A30D-5F9A-ACA3-F90F35E91D53}.Debug|Any CPU.ActiveCfg = Debug|Any CPU
		{29E56B9D-A30D-5F9A-ACA3-F90F35E91D53}.Debug|Any CPU.Build.0 = Debug|Any CPU
		{29E56B9D-A30D-5F9A-ACA3-F90F35E91D53}.Release|Any CPU.ActiveCfg = Release|Any CPU
		{29E56B9D-A30D-5F9A-ACA3-F90F35E91D53}.Release|Any CPU.Build.0 = Release|Any CPU
		{ADAC3460-E6B9-A399-C84D-BD5B800237EA}.Debug|Any CPU.ActiveCfg = Debug|Any CPU
		{ADAC3460-E6B9-A399-C84D-BD5B800237EA}.Debug|Any CPU.Build.0 = Debug|Any CPU
		{ADAC3460-E6B9-A399-C84D-BD5B800237EA}.Release|Any CPU.ActiveCfg = Release|Any CPU
		{ADAC3460-E6B9-A399-C84D-BD5B800237EA}.Release|Any CPU.Build.0 = Release|Any CPU
	EndGlobalSection
	GlobalSection(SolutionProperties) = preSolution
		HideSolutionNode = FALSE
	EndGlobalSection
	GlobalSection(NestedProjects) = preSolution
		{29E56B9D-A30D-5F9A-ACA3-F90F35E91D53} = {D82C56D6-B2CD-F611-9E31-04638F7EC30E}
		{ADAC3460-E6B9-A399-C84D-BD5B800237EA} = {D82C56D6-B2CD-F611-9E31-04638F7EC30E}
	EndGlobalSection
	GlobalSection(ExtensibilityGlobals) = postSolution
		SolutionGuid = {CDBC5EAF-ECD5-4BE8-9CD6-DA5B94E73ECB}
	EndGlobalSection
EndGlobal
